
Microsoft Visual Studio Solution File, Format Version 12.00
# Visual Studio 15
VisualStudioVersion = 15.0.28307.329
MinimumVisualStudioVersion = 10.0.40219.1
Project("{FAE04EC0-301F-11D3-BF4B-00C04F79EFBC}") = "MyMultyFileAssembly", "MyMultyFileAssembly\MyMultyFileAssembly.csproj", "{59E1FFDC-883A-4AAE-ABD8-B814D06B1DDB}"
EndProject
Project("{FAE04EC0-301F-11D3-BF4B-00C04F79EFBC}") = "MyMultyFileAssemblyClient", "MyMultyFileAssemblyClient\MyMultyFileAssemblyClient.csproj", "{1F27E002-BA88-4E1C-A6D0-BE08F2A6BF89}"
EndProject
Project("{2150E333-8FDC-42A3-9474-1A3956D46DE8}") = "Sorting", "Sorting", "{C1B4E74E-AB58-427A-B756-A862A765DD2A}"
EndProject
Project("{FAE04EC0-301F-11D3-BF4B-00C04F79EFBC}") = "Algorithms", "Sorting\Algorithms\Algorithms.csproj", "{FB8927BE-DC85-478D-9F1E-872660D39B0E}"
EndProject
Project("{FAE04EC0-301F-11D3-BF4B-00C04F79EFBC}") = "AlgorithmsClient", "Sorting\AlgorithmsClient\AlgorithmsClient.csproj", "{505E1CA1-6901-485F-A8AE-59782F013947}"
EndProject
Global
	GlobalSection(SolutionConfigurationPlatforms) = preSolution
		Debug|Any CPU = Debug|Any CPU
		Release|Any CPU = Release|Any CPU
	EndGlobalSection
	GlobalSection(ProjectConfigurationPlatforms) = postSolution
		{59E1FFDC-883A-4AAE-ABD8-B814D06B1DDB}.Debug|Any CPU.ActiveCfg = Debug|Any CPU
		{59E1FFDC-883A-4AAE-ABD8-B814D06B1DDB}.Debug|Any CPU.Build.0 = Debug|Any CPU
		{59E1FFDC-883A-4AAE-ABD8-B814D06B1DDB}.Release|Any CPU.ActiveCfg = Release|Any CPU
		{59E1FFDC-883A-4AAE-ABD8-B814D06B1DDB}.Release|Any CPU.Build.0 = Release|Any CPU
		{1F27E002-BA88-4E1C-A6D0-BE08F2A6BF89}.Debug|Any CPU.ActiveCfg = Debug|Any CPU
		{1F27E002-BA88-4E1C-A6D0-BE08F2A6BF89}.Debug|Any CPU.Build.0 = Debug|Any CPU
		{1F27E002-BA88-4E1C-A6D0-BE08F2A6BF89}.Release|Any CPU.ActiveCfg = Release|Any CPU
		{1F27E002-BA88-4E1C-A6D0-BE08F2A6BF89}.Release|Any CPU.Build.0 = Release|Any CPU
		{FB8927BE-DC85-478D-9F1E-872660D39B0E}.Debug|Any CPU.ActiveCfg = Debug|Any CPU
		{FB8927BE-DC85-478D-9F1E-872660D39B0E}.Debug|Any CPU.Build.0 = Debug|Any CPU
		{FB8927BE-DC85-478D-9F1E-872660D39B0E}.Release|Any CPU.ActiveCfg = Release|Any CPU
		{FB8927BE-DC85-478D-9F1E-872660D39B0E}.Release|Any CPU.Build.0 = Release|Any CPU
		{505E1CA1-6901-485F-A8AE-59782F013947}.Debug|Any CPU.ActiveCfg = Debug|Any CPU
		{505E1CA1-6901-485F-A8AE-59782F013947}.Debug|Any CPU.Build.0 = Debug|Any CPU
		{505E1CA1-6901-485F-A8AE-59782F013947}.Release|Any CPU.ActiveCfg = Release|Any CPU
		{505E1CA1-6901-485F-A8AE-59782F013947}.Release|Any CPU.Build.0 = Release|Any CPU
	EndGlobalSection
	GlobalSection(SolutionProperties) = preSolution
		HideSolutionNode = FALSE
	EndGlobalSection
	GlobalSection(NestedProjects) = preSolution
		{FB8927BE-DC85-478D-9F1E-872660D39B0E} = {C1B4E74E-AB58-427A-B756-A862A765DD2A}
		{505E1CA1-6901-485F-A8AE-59782F013947} = {C1B4E74E-AB58-427A-B756-A862A765DD2A}
	EndGlobalSection
	GlobalSection(ExtensibilityGlobals) = postSolution
		SolutionGuid = {E6688F45-860A-49F7-89A1-2E71544FAAA2}
	EndGlobalSection
EndGlobal
