
Microsoft Visual Studio Solution File, Format Version 12.00
# Visual Studio 15
VisualStudioVersion = 15.0.28307.329
MinimumVisualStudioVersion = 10.0.40219.1
Project("{FAE04EC0-301F-11D3-BF4B-00C04F79EFBC}") = "Fibonacci", "Fibonacci\Fibonacci.csproj", "{FC27F446-272A-4956-87BC-A0D40FFF7D38}"
EndProject
Project("{FAE04EC0-301F-11D3-BF4B-00C04F79EFBC}") = "BinarySearch", "BinarySearch\BinarySearch.csproj", "{C913650E-5A31-41DC-94C7-818E4B15D4FC}"
EndProject
Project("{FAE04EC0-301F-11D3-BF4B-00C04F79EFBC}") = "CountdownTimer", "CountdownTimer\CountdownTimer.csproj", "{8A80F24D-AE7E-4EF3-8C28-AE7587A05857}"
EndProject
Project("{FAE04EC0-301F-11D3-BF4B-00C04F79EFBC}") = "RouletteApp", "RouletteApp\RouletteApp.csproj", "{3B0F869C-5BB0-4124-BEEC-1CF28DD634F2}"
EndProject
Global
	GlobalSection(SolutionConfigurationPlatforms) = preSolution
		Debug|Any CPU = Debug|Any CPU
		Release|Any CPU = Release|Any CPU
	EndGlobalSection
	GlobalSection(ProjectConfigurationPlatforms) = postSolution
		{FC27F446-272A-4956-87BC-A0D40FFF7D38}.Debug|Any CPU.ActiveCfg = Debug|Any CPU
		{FC27F446-272A-4956-87BC-A0D40FFF7D38}.Debug|Any CPU.Build.0 = Debug|Any CPU
		{FC27F446-272A-4956-87BC-A0D40FFF7D38}.Release|Any CPU.ActiveCfg = Release|Any CPU
		{FC27F446-272A-4956-87BC-A0D40FFF7D38}.Release|Any CPU.Build.0 = Release|Any CPU
		{C913650E-5A31-41DC-94C7-818E4B15D4FC}.Debug|Any CPU.ActiveCfg = Debug|Any CPU
		{C913650E-5A31-41DC-94C7-818E4B15D4FC}.Debug|Any CPU.Build.0 = Debug|Any CPU
		{C913650E-5A31-41DC-94C7-818E4B15D4FC}.Release|Any CPU.ActiveCfg = Release|Any CPU
		{C913650E-5A31-41DC-94C7-818E4B15D4FC}.Release|Any CPU.Build.0 = Release|Any CPU
		{8A80F24D-AE7E-4EF3-8C28-AE7587A05857}.Debug|Any CPU.ActiveCfg = Debug|Any CPU
		{8A80F24D-AE7E-4EF3-8C28-AE7587A05857}.Debug|Any CPU.Build.0 = Debug|Any CPU
		{8A80F24D-AE7E-4EF3-8C28-AE7587A05857}.Release|Any CPU.ActiveCfg = Release|Any CPU
		{8A80F24D-AE7E-4EF3-8C28-AE7587A05857}.Release|Any CPU.Build.0 = Release|Any CPU
		{3B0F869C-5BB0-4124-BEEC-1CF28DD634F2}.Debug|Any CPU.ActiveCfg = Debug|Any CPU
		{3B0F869C-5BB0-4124-BEEC-1CF28DD634F2}.Debug|Any CPU.Build.0 = Debug|Any CPU
		{3B0F869C-5BB0-4124-BEEC-1CF28DD634F2}.Release|Any CPU.ActiveCfg = Release|Any CPU
		{3B0F869C-5BB0-4124-BEEC-1CF28DD634F2}.Release|Any CPU.Build.0 = Release|Any CPU
	EndGlobalSection
	GlobalSection(SolutionProperties) = preSolution
		HideSolutionNode = FALSE
	EndGlobalSection
	GlobalSection(ExtensibilityGlobals) = postSolution
		SolutionGuid = {D315F839-3760-4CE2-8DBC-7A62D16F0BDE}
	EndGlobalSection
EndGlobal
